// !$*UTF8*$!
{
	archiveVersion = 1;
	classes = {
	};
	objectVersion = 52;
	objects = {

/* Begin PBXBuildFile section */
		0D40D80E22BB33B8001A69F1 /* AppConfiguration.swift in Sources */ = {isa = PBXBuildFile; fileRef = 0D40D80D22BB33B8001A69F1 /* AppConfiguration.swift */; };
		0D40D81122BB33EF001A69F1 /* APIEndpoint.swift in Sources */ = {isa = PBXBuildFile; fileRef = 0D40D80F22BB33EF001A69F1 /* APIEndpoint.swift */; };
		0D40D81222BB33EF001A69F1 /* API.swift in Sources */ = {isa = PBXBuildFile; fileRef = 0D40D81022BB33EF001A69F1 /* API.swift */; };
		0D40D81422BB341A001A69F1 /* Alamofire.swift in Sources */ = {isa = PBXBuildFile; fileRef = 0D40D81322BB341A001A69F1 /* Alamofire.swift */; };
		0D40D81722BB3481001A69F1 /* Alamofire in Frameworks */ = {isa = PBXBuildFile; productRef = 0D40D81622BB3481001A69F1 /* Alamofire */; };
		0D40D81A22BB34B0001A69F1 /* CodableAlamofire in Frameworks */ = {isa = PBXBuildFile; productRef = 0D40D81922BB34B0001A69F1 /* CodableAlamofire */; };
		0D78356E22BC5E79001EA168 /* Promise.swift in Sources */ = {isa = PBXBuildFile; fileRef = 0D78356D22BC5E79001EA168 /* Promise.swift */; };
		0D78357022BC6ABF001EA168 /* AppController.swift in Sources */ = {isa = PBXBuildFile; fileRef = 0D78356F22BC6ABF001EA168 /* AppController.swift */; };
		0D9DF6F922B8A1390044DCF0 /* Restaurant.swift in Sources */ = {isa = PBXBuildFile; fileRef = 0D9DF6F822B8A1390044DCF0 /* Restaurant.swift */; };
		0DCAD6D422A8BE5D0053346C /* AppDelegate.swift in Sources */ = {isa = PBXBuildFile; fileRef = 0DCAD6D322A8BE5D0053346C /* AppDelegate.swift */; };
		0DCAD6D622A8BE5D0053346C /* SceneDelegate.swift in Sources */ = {isa = PBXBuildFile; fileRef = 0DCAD6D522A8BE5D0053346C /* SceneDelegate.swift */; };
		0DCAD6D822A8BE5D0053346C /* ContentView.swift in Sources */ = {isa = PBXBuildFile; fileRef = 0DCAD6D722A8BE5D0053346C /* ContentView.swift */; };
		0DCAD6DA22A8BE5D0053346C /* Assets.xcassets in Resources */ = {isa = PBXBuildFile; fileRef = 0DCAD6D922A8BE5D0053346C /* Assets.xcassets */; };
		0DCAD6DD22A8BE5D0053346C /* Preview Assets.xcassets in Resources */ = {isa = PBXBuildFile; fileRef = 0DCAD6DC22A8BE5D0053346C /* Preview Assets.xcassets */; };
		0DCAD6E022A8BE5D0053346C /* LaunchScreen.storyboard in Resources */ = {isa = PBXBuildFile; fileRef = 0DCAD6DE22A8BE5D0053346C /* LaunchScreen.storyboard */; };
		0DD5E8A222A94F980061E462 /* RestaurantsView.swift in Sources */ = {isa = PBXBuildFile; fileRef = 0DD5E8A122A94F980061E462 /* RestaurantsView.swift */; };
		0DD5E8A422A94FA80061E462 /* InternetsView.swift in Sources */ = {isa = PBXBuildFile; fileRef = 0DD5E8A322A94FA80061E462 /* InternetsView.swift */; };
/* End PBXBuildFile section */

/* Begin PBXFileReference section */
		0D40D80D22BB33B8001A69F1 /* AppConfiguration.swift */ = {isa = PBXFileReference; fileEncoding = 4; lastKnownFileType = sourcecode.swift; path = AppConfiguration.swift; sourceTree = "<group>"; };
		0D40D80F22BB33EF001A69F1 /* APIEndpoint.swift */ = {isa = PBXFileReference; fileEncoding = 4; lastKnownFileType = sourcecode.swift; path = APIEndpoint.swift; sourceTree = "<group>"; };
		0D40D81022BB33EF001A69F1 /* API.swift */ = {isa = PBXFileReference; fileEncoding = 4; lastKnownFileType = sourcecode.swift; path = API.swift; sourceTree = "<group>"; };
		0D40D81322BB341A001A69F1 /* Alamofire.swift */ = {isa = PBXFileReference; fileEncoding = 4; lastKnownFileType = sourcecode.swift; path = Alamofire.swift; sourceTree = "<group>"; };
		0D78356D22BC5E79001EA168 /* Promise.swift */ = {isa = PBXFileReference; lastKnownFileType = sourcecode.swift; path = Promise.swift; sourceTree = "<group>"; };
		0D78356F22BC6ABF001EA168 /* AppController.swift */ = {isa = PBXFileReference; lastKnownFileType = sourcecode.swift; path = AppController.swift; sourceTree = "<group>"; };
		0D9DF6F822B8A1390044DCF0 /* Restaurant.swift */ = {isa = PBXFileReference; fileEncoding = 4; lastKnownFileType = sourcecode.swift; path = Restaurant.swift; sourceTree = "<group>"; };
		0DCAD6D022A8BE5D0053346C /* Lunch Tyme.app */ = {isa = PBXFileReference; explicitFileType = wrapper.application; includeInIndex = 0; path = "Lunch Tyme.app"; sourceTree = BUILT_PRODUCTS_DIR; };
		0DCAD6D322A8BE5D0053346C /* AppDelegate.swift */ = {isa = PBXFileReference; lastKnownFileType = sourcecode.swift; path = AppDelegate.swift; sourceTree = "<group>"; };
		0DCAD6D522A8BE5D0053346C /* SceneDelegate.swift */ = {isa = PBXFileReference; lastKnownFileType = sourcecode.swift; path = SceneDelegate.swift; sourceTree = "<group>"; };
		0DCAD6D722A8BE5D0053346C /* ContentView.swift */ = {isa = PBXFileReference; lastKnownFileType = sourcecode.swift; path = ContentView.swift; sourceTree = "<group>"; };
		0DCAD6D922A8BE5D0053346C /* Assets.xcassets */ = {isa = PBXFileReference; lastKnownFileType = folder.assetcatalog; path = Assets.xcassets; sourceTree = "<group>"; };
		0DCAD6DC22A8BE5D0053346C /* Preview Assets.xcassets */ = {isa = PBXFileReference; lastKnownFileType = folder.assetcatalog; path = "Preview Assets.xcassets"; sourceTree = "<group>"; };
		0DCAD6DF22A8BE5D0053346C /* Base */ = {isa = PBXFileReference; lastKnownFileType = file.storyboard; name = Base; path = Base.lproj/LaunchScreen.storyboard; sourceTree = "<group>"; };
		0DCAD6E122A8BE5D0053346C /* Info.plist */ = {isa = PBXFileReference; lastKnownFileType = text.plist.xml; path = Info.plist; sourceTree = "<group>"; };
		0DD5E8A122A94F980061E462 /* RestaurantsView.swift */ = {isa = PBXFileReference; lastKnownFileType = sourcecode.swift; path = RestaurantsView.swift; sourceTree = "<group>"; };
		0DD5E8A322A94FA80061E462 /* InternetsView.swift */ = {isa = PBXFileReference; lastKnownFileType = sourcecode.swift; path = InternetsView.swift; sourceTree = "<group>"; };
/* End PBXFileReference section */

/* Begin PBXFrameworksBuildPhase section */
		0DCAD6CD22A8BE5D0053346C /* Frameworks */ = {
			isa = PBXFrameworksBuildPhase;
			buildActionMask = 2147483647;
			files = (
				0D40D81A22BB34B0001A69F1 /* CodableAlamofire in Frameworks */,
				0D40D81722BB3481001A69F1 /* Alamofire in Frameworks */,
			);
			runOnlyForDeploymentPostprocessing = 0;
		};
/* End PBXFrameworksBuildPhase section */

/* Begin PBXGroup section */
		0DCAD6C722A8BE5D0053346C = {
			isa = PBXGroup;
			children = (
				0DCAD6D222A8BE5D0053346C /* Lunch Tyme */,
				0DCAD6D122A8BE5D0053346C /* Products */,
			);
			sourceTree = "<group>";
		};
		0DCAD6D122A8BE5D0053346C /* Products */ = {
			isa = PBXGroup;
			children = (
				0DCAD6D022A8BE5D0053346C /* Lunch Tyme.app */,
			);
			name = Products;
			sourceTree = "<group>";
		};
		0DCAD6D222A8BE5D0053346C /* Lunch Tyme */ = {
			isa = PBXGroup;
			children = (
				0DCAD6D322A8BE5D0053346C /* AppDelegate.swift */,
				0DCAD6D522A8BE5D0053346C /* SceneDelegate.swift */,
				0DCAD6D722A8BE5D0053346C /* ContentView.swift */,
				0DD5E8A122A94F980061E462 /* RestaurantsView.swift */,
				0DD5E8A322A94FA80061E462 /* InternetsView.swift */,
				0D9DF6F822B8A1390044DCF0 /* Restaurant.swift */,
				0D40D80D22BB33B8001A69F1 /* AppConfiguration.swift */,
				0D40D81022BB33EF001A69F1 /* API.swift */,
				0D78356F22BC6ABF001EA168 /* AppController.swift */,
				0D40D80F22BB33EF001A69F1 /* APIEndpoint.swift */,
				0D40D81322BB341A001A69F1 /* Alamofire.swift */,
				0D78356D22BC5E79001EA168 /* Promise.swift */,
				0DCAD6D922A8BE5D0053346C /* Assets.xcassets */,
				0DCAD6DE22A8BE5D0053346C /* LaunchScreen.storyboard */,
				0DCAD6E122A8BE5D0053346C /* Info.plist */,
				0DCAD6DB22A8BE5D0053346C /* Preview Content */,
			);
			path = "Lunch Tyme";
			sourceTree = "<group>";
		};
		0DCAD6DB22A8BE5D0053346C /* Preview Content */ = {
			isa = PBXGroup;
			children = (
				0DCAD6DC22A8BE5D0053346C /* Preview Assets.xcassets */,
			);
			path = "Preview Content";
			sourceTree = "<group>";
		};
/* End PBXGroup section */

/* Begin PBXNativeTarget section */
		0DCAD6CF22A8BE5D0053346C /* Lunch Tyme */ = {
			isa = PBXNativeTarget;
			buildConfigurationList = 0DCAD6E422A8BE5D0053346C /* Build configuration list for PBXNativeTarget "Lunch Tyme" */;
			buildPhases = (
				0DCAD6CC22A8BE5D0053346C /* Sources */,
				0DCAD6CD22A8BE5D0053346C /* Frameworks */,
				0DCAD6CE22A8BE5D0053346C /* Resources */,
			);
			buildRules = (
			);
			dependencies = (
			);
			name = "Lunch Tyme";
			packageProductDependencies = (
				0D40D81622BB3481001A69F1 /* Alamofire */,
				0D40D81922BB34B0001A69F1 /* CodableAlamofire */,
			);
			productName = "Lunch Tyme";
			productReference = 0DCAD6D022A8BE5D0053346C /* Lunch Tyme.app */;
			productType = "com.apple.product-type.application";
		};
/* End PBXNativeTarget section */

/* Begin PBXProject section */
		0DCAD6C822A8BE5D0053346C /* Project object */ = {
			isa = PBXProject;
			attributes = {
				LastSwiftUpdateCheck = 1100;
				LastUpgradeCheck = 1100;
				ORGANIZATIONNAME = rickb;
				TargetAttributes = {
					0DCAD6CF22A8BE5D0053346C = {
						CreatedOnToolsVersion = 11.0;
					};
				};
			};
			buildConfigurationList = 0DCAD6CB22A8BE5D0053346C /* Build configuration list for PBXProject "Lunch Tyme" */;
			compatibilityVersion = "Xcode 9.3";
			developmentRegion = en;
			hasScannedForEncodings = 0;
			knownRegions = (
				en,
				Base,
			);
			mainGroup = 0DCAD6C722A8BE5D0053346C;
			packageReferences = (
				0D40D81522BB3481001A69F1 /* XCRemoteSwiftPackageReference "Alamofire" */,
				0D40D81822BB34B0001A69F1 /* XCRemoteSwiftPackageReference "CodableAlamofire" */,
			);
			productRefGroup = 0DCAD6D122A8BE5D0053346C /* Products */;
			projectDirPath = "";
			projectRoot = "";
			targets = (
				0DCAD6CF22A8BE5D0053346C /* Lunch Tyme */,
			);
		};
/* End PBXProject section */

/* Begin PBXResourcesBuildPhase section */
		0DCAD6CE22A8BE5D0053346C /* Resources */ = {
			isa = PBXResourcesBuildPhase;
			buildActionMask = 2147483647;
			files = (
				0DCAD6E022A8BE5D0053346C /* LaunchScreen.storyboard in Resources */,
				0DCAD6DD22A8BE5D0053346C /* Preview Assets.xcassets in Resources */,
				0DCAD6DA22A8BE5D0053346C /* Assets.xcassets in Resources */,
			);
			runOnlyForDeploymentPostprocessing = 0;
		};
/* End PBXResourcesBuildPhase section */

/* Begin PBXSourcesBuildPhase section */
		0DCAD6CC22A8BE5D0053346C /* Sources */ = {
			isa = PBXSourcesBuildPhase;
			buildActionMask = 2147483647;
			files = (
				0DCAD6D422A8BE5D0053346C /* AppDelegate.swift in Sources */,
				0DCAD6D622A8BE5D0053346C /* SceneDelegate.swift in Sources */,
				0D9DF6F922B8A1390044DCF0 /* Restaurant.swift in Sources */,
				0DD5E8A422A94FA80061E462 /* InternetsView.swift in Sources */,
				0DCAD6D822A8BE5D0053346C /* ContentView.swift in Sources */,
				0D40D80E22BB33B8001A69F1 /* AppConfiguration.swift in Sources */,
				0D40D81422BB341A001A69F1 /* Alamofire.swift in Sources */,
				0DD5E8A222A94F980061E462 /* RestaurantsView.swift in Sources */,
				0D78356E22BC5E79001EA168 /* Promise.swift in Sources */,
				0D40D81222BB33EF001A69F1 /* API.swift in Sources */,
				0D40D81122BB33EF001A69F1 /* APIEndpoint.swift in Sources */,
				0D78357022BC6ABF001EA168 /* AppController.swift in Sources */,
			);
			runOnlyForDeploymentPostprocessing = 0;
		};
/* End PBXSourcesBuildPhase section */

/* Begin PBXVariantGroup section */
		0DCAD6DE22A8BE5D0053346C /* LaunchScreen.storyboard */ = {
			isa = PBXVariantGroup;
			children = (
				0DCAD6DF22A8BE5D0053346C /* Base */,
			);
			name = LaunchScreen.storyboard;
			sourceTree = "<group>";
		};
/* End PBXVariantGroup section */

/* Begin XCBuildConfiguration section */
		0DCAD6E222A8BE5D0053346C /* Debug */ = {
			isa = XCBuildConfiguration;
			buildSettings = {
				ALWAYS_SEARCH_USER_PATHS = NO;
				CLANG_ANALYZER_NONNULL = YES;
				CLANG_ANALYZER_NUMBER_OBJECT_CONVERSION = YES_AGGRESSIVE;
				CLANG_CXX_LANGUAGE_STANDARD = "gnu++14";
				CLANG_CXX_LIBRARY = "libc++";
				CLANG_ENABLE_MODULES = YES;
				CLANG_ENABLE_OBJC_ARC = YES;
				CLANG_ENABLE_OBJC_WEAK = YES;
				CLANG_WARN_BLOCK_CAPTURE_AUTORELEASING = YES;
				CLANG_WARN_BOOL_CONVERSION = YES;
				CLANG_WARN_COMMA = YES;
				CLANG_WARN_CONSTANT_CONVERSION = YES;
				CLANG_WARN_DEPRECATED_OBJC_IMPLEMENTATIONS = YES;
				CLANG_WARN_DIRECT_OBJC_ISA_USAGE = YES_ERROR;
				CLANG_WARN_DOCUMENTATION_COMMENTS = YES;
				CLANG_WARN_EMPTY_BODY = YES;
				CLANG_WARN_ENUM_CONVERSION = YES;
				CLANG_WARN_INFINITE_RECURSION = YES;
				CLANG_WARN_INT_CONVERSION = YES;
				CLANG_WARN_NON_LITERAL_NULL_CONVERSION = YES;
				CLANG_WARN_OBJC_IMPLICIT_RETAIN_SELF = YES;
				CLANG_WARN_OBJC_LITERAL_CONVERSION = YES;
				CLANG_WARN_OBJC_ROOT_CLASS = YES_ERROR;
				CLANG_WARN_RANGE_LOOP_ANALYSIS = YES;
				CLANG_WARN_STRICT_PROTOTYPES = YES;
				CLANG_WARN_SUSPICIOUS_MOVE = YES;
				CLANG_WARN_UNGUARDED_AVAILABILITY = YES_AGGRESSIVE;
				CLANG_WARN_UNREACHABLE_CODE = YES;
				CLANG_WARN__DUPLICATE_METHOD_MATCH = YES;
				COPY_PHASE_STRIP = NO;
				DEBUG_INFORMATION_FORMAT = dwarf;
				ENABLE_STRICT_OBJC_MSGSEND = YES;
				ENABLE_TESTABILITY = YES;
				GCC_C_LANGUAGE_STANDARD = gnu11;
				GCC_DYNAMIC_NO_PIC = NO;
				GCC_NO_COMMON_BLOCKS = YES;
				GCC_OPTIMIZATION_LEVEL = 0;
				GCC_PREPROCESSOR_DEFINITIONS = (
					"DEBUG=1",
					"$(inherited)",
				);
				GCC_WARN_64_TO_32_BIT_CONVERSION = YES;
				GCC_WARN_ABOUT_RETURN_TYPE = YES_ERROR;
				GCC_WARN_UNDECLARED_SELECTOR = YES;
				GCC_WARN_UNINITIALIZED_AUTOS = YES_AGGRESSIVE;
				GCC_WARN_UNUSED_FUNCTION = YES;
				GCC_WARN_UNUSED_VARIABLE = YES;
				IPHONEOS_DEPLOYMENT_TARGET = 13.0;
				MTL_ENABLE_DEBUG_INFO = INCLUDE_SOURCE;
				MTL_FAST_MATH = YES;
				ONLY_ACTIVE_ARCH = YES;
				SDKROOT = iphoneos;
				SWIFT_ACTIVE_COMPILATION_CONDITIONS = DEBUG;
				SWIFT_OPTIMIZATION_LEVEL = "-Onone";
			};
			name = Debug;
		};
		0DCAD6E322A8BE5D0053346C /* Release */ = {
			isa = XCBuildConfiguration;
			buildSettings = {
				ALWAYS_SEARCH_USER_PATHS = NO;
				CLANG_ANALYZER_NONNULL = YES;
				CLANG_ANALYZER_NUMBER_OBJECT_CONVERSION = YES_AGGRESSIVE;
				CLANG_CXX_LANGUAGE_STANDARD = "gnu++14";
				CLANG_CXX_LIBRARY = "libc++";
				CLANG_ENABLE_MODULES = YES;
				CLANG_ENABLE_OBJC_ARC = YES;
				CLANG_ENABLE_OBJC_WEAK = YES;
				CLANG_WARN_BLOCK_CAPTURE_AUTORELEASING = YES;
				CLANG_WARN_BOOL_CONVERSION = YES;
				CLANG_WARN_COMMA = YES;
				CLANG_WARN_CONSTANT_CONVERSION = YES;
				CLANG_WARN_DEPRECATED_OBJC_IMPLEMENTATIONS = YES;
				CLANG_WARN_DIRECT_OBJC_ISA_USAGE = YES_ERROR;
				CLANG_WARN_DOCUMENTATION_COMMENTS = YES;
				CLANG_WARN_EMPTY_BODY = YES;
				CLANG_WARN_ENUM_CONVERSION = YES;
				CLANG_WARN_INFINITE_RECURSION = YES;
				CLANG_WARN_INT_CONVERSION = YES;
				CLANG_WARN_NON_LITERAL_NULL_CONVERSION = YES;
				CLANG_WARN_OBJC_IMPLICIT_RETAIN_SELF = YES;
				CLANG_WARN_OBJC_LITERAL_CONVERSION = YES;
				CLANG_WARN_OBJC_ROOT_CLASS = YES_ERROR;
				CLANG_WARN_RANGE_LOOP_ANALYSIS = YES;
				CLANG_WARN_STRICT_PROTOTYPES = YES;
				CLANG_WARN_SUSPICIOUS_MOVE = YES;
				CLANG_WARN_UNGUARDED_AVAILABILITY = YES_AGGRESSIVE;
				CLANG_WARN_UNREACHABLE_CODE = YES;
				CLANG_WARN__DUPLICATE_METHOD_MATCH = YES;
				COPY_PHASE_STRIP = NO;
				DEBUG_INFORMATION_FORMAT = "dwarf-with-dsym";
				ENABLE_NS_ASSERTIONS = NO;
				ENABLE_STRICT_OBJC_MSGSEND = YES;
				GCC_C_LANGUAGE_STANDARD = gnu11;
				GCC_NO_COMMON_BLOCKS = YES;
				GCC_WARN_64_TO_32_BIT_CONVERSION = YES;
				GCC_WARN_ABOUT_RETURN_TYPE = YES_ERROR;
				GCC_WARN_UNDECLARED_SELECTOR = YES;
				GCC_WARN_UNINITIALIZED_AUTOS = YES_AGGRESSIVE;
				GCC_WARN_UNUSED_FUNCTION = YES;
				GCC_WARN_UNUSED_VARIABLE = YES;
				IPHONEOS_DEPLOYMENT_TARGET = 13.0;
				MTL_ENABLE_DEBUG_INFO = NO;
				MTL_FAST_MATH = YES;
				SDKROOT = iphoneos;
				SWIFT_COMPILATION_MODE = wholemodule;
				SWIFT_OPTIMIZATION_LEVEL = "-O";
				VALIDATE_PRODUCT = YES;
			};
			name = Release;
		};
		0DCAD6E522A8BE5D0053346C /* Debug */ = {
			isa = XCBuildConfiguration;
			buildSettings = {
				ASSETCATALOG_COMPILER_APPICON_NAME = AppIcon;
				CODE_SIGN_STYLE = Automatic;
				DEVELOPMENT_ASSET_PATHS = "\"Lunch Tyme\"/Preview\\ Content";
				DEVELOPMENT_TEAM = M2A5Q8WGD8;
				ENABLE_PREVIEWS = YES;
				INFOPLIST_FILE = "Lunch Tyme/Info.plist";
				LD_RUNPATH_SEARCH_PATHS = (
					"$(inherited)",
					"@executable_path/Frameworks",
				);
				PRODUCT_BUNDLE_IDENTIFIER = "com.rickb.Lunch-Tyme";
				PRODUCT_NAME = "$(TARGET_NAME)";
				SWIFT_VERSION = 5.0;
				TARGETED_DEVICE_FAMILY = "1,2";
			};
			name = Debug;
		};
		0DCAD6E622A8BE5D0053346C /* Release */ = {
			isa = XCBuildConfiguration;
			buildSettings = {
				ASSETCATALOG_COMPILER_APPICON_NAME = AppIcon;
				CODE_SIGN_STYLE = Automatic;
				DEVELOPMENT_ASSET_PATHS = "\"Lunch Tyme\"/Preview\\ Content";
				DEVELOPMENT_TEAM = M2A5Q8WGD8;
				ENABLE_PREVIEWS = YES;
				INFOPLIST_FILE = "Lunch Tyme/Info.plist";
				LD_RUNPATH_SEARCH_PATHS = (
					"$(inherited)",
					"@executable_path/Frameworks",
				);
				PRODUCT_BUNDLE_IDENTIFIER = "com.rickb.Lunch-Tyme";
				PRODUCT_NAME = "$(TARGET_NAME)";
				SWIFT_VERSION = 5.0;
				TARGETED_DEVICE_FAMILY = "1,2";
			};
			name = Release;
		};
/* End XCBuildConfiguration section */

/* Begin XCConfigurationList section */
		0DCAD6CB22A8BE5D0053346C /* Build configuration list for PBXProject "Lunch Tyme" */ = {
			isa = XCConfigurationList;
			buildConfigurations = (
				0DCAD6E222A8BE5D0053346C /* Debug */,
				0DCAD6E322A8BE5D0053346C /* Release */,
			);
			defaultConfigurationIsVisible = 0;
			defaultConfigurationName = Release;
		};
		0DCAD6E422A8BE5D0053346C /* Build configuration list for PBXNativeTarget "Lunch Tyme" */ = {
			isa = XCConfigurationList;
			buildConfigurations = (
				0DCAD6E522A8BE5D0053346C /* Debug */,
				0DCAD6E622A8BE5D0053346C /* Release */,
			);
			defaultConfigurationIsVisible = 0;
			defaultConfigurationName = Release;
		};
/* End XCConfigurationList section */

/* Begin XCRemoteSwiftPackageReference section */
		0D40D81522BB3481001A69F1 /* XCRemoteSwiftPackageReference "Alamofire" */ = {
			isa = XCRemoteSwiftPackageReference;
			repositoryURL = "https://github.com/Alamofire/Alamofire";
			requirement = {
				kind = upToNextMajorVersion;
				minimumVersion = 4.8.2;
			};
		};
		0D40D81822BB34B0001A69F1 /* XCRemoteSwiftPackageReference "CodableAlamofire" */ = {
			isa = XCRemoteSwiftPackageReference;
			repositoryURL = "https://github.com/Otbivnoe/CodableAlamofire";
			requirement = {
				kind = upToNextMajorVersion;
				minimumVersion = 1.1.1;
			};
		};
/* End XCRemoteSwiftPackageReference section */

/* Begin XCSwiftPackageProductDependency section */
		0D40D81622BB3481001A69F1 /* Alamofire */ = {
			isa = XCSwiftPackageProductDependency;
			package = 0D40D81522BB3481001A69F1 /* XCRemoteSwiftPackageReference "Alamofire" */;
			productName = Alamofire;
		};
		0D40D81922BB34B0001A69F1 /* CodableAlamofire */ = {
			isa = XCSwiftPackageProductDependency;
			package = 0D40D81822BB34B0001A69F1 /* XCRemoteSwiftPackageReference "CodableAlamofire" */;
			productName = CodableAlamofire;
		};
/* End XCSwiftPackageProductDependency section */
	};
	rootObject = 0DCAD6C822A8BE5D0053346C /* Project object */;
}
